
Microsoft Visual Studio Solution File, Format Version 12.00
# Visual Studio 15
VisualStudioVersion = 15.0.28307.572
MinimumVisualStudioVersion = 10.0.40219.1
Project("{FAE04EC0-301F-11D3-BF4B-00C04F79EFBC}") = "Assignment02", "Assignment02\Assignment02.csproj", "{B959CEFB-14A3-4906-9894-06AD50640033}"
EndProject
Project("{FAE04EC0-301F-11D3-BF4B-00C04F79EFBC}") = "TriangleSolver_Test", "TriangleSolver_Test\TriangleSolver_Test.csproj", "{9BB5903D-FB32-4B91-AEC1-28F2EB4A4CC1}"
EndProject
Global
	GlobalSection(SolutionConfigurationPlatforms) = preSolution
		Debug|Any CPU = Debug|Any CPU
		Release|Any CPU = Release|Any CPU
	EndGlobalSection
	GlobalSection(ProjectConfigurationPlatforms) = postSolution
		{B959CEFB-14A3-4906-9894-06AD50640033}.Debug|Any CPU.ActiveCfg = Debug|Any CPU
		{B959CEFB-14A3-4906-9894-06AD50640033}.Debug|Any CPU.Build.0 = Debug|Any CPU
		{B959CEFB-14A3-4906-9894-06AD50640033}.Release|Any CPU.ActiveCfg = Release|Any CPU
		{B959CEFB-14A3-4906-9894-06AD50640033}.Release|Any CPU.Build.0 = Release|Any CPU
		{9BB5903D-FB32-4B91-AEC1-28F2EB4A4CC1}.Debug|Any CPU.ActiveCfg = Debug|Any CPU
		{9BB5903D-FB32-4B91-AEC1-28F2EB4A4CC1}.Debug|Any CPU.Build.0 = Debug|Any CPU
		{9BB5903D-FB32-4B91-AEC1-28F2EB4A4CC1}.Release|Any CPU.ActiveCfg = Release|Any CPU
		{9BB5903D-FB32-4B91-AEC1-28F2EB4A4CC1}.Release|Any CPU.Build.0 = Release|Any CPU
	EndGlobalSection
	GlobalSection(SolutionProperties) = preSolution
		HideSolutionNode = FALSE
	EndGlobalSection
	GlobalSection(ExtensibilityGlobals) = postSolution
		SolutionGuid = {E767C8F1-7AE1-4BD9-876B-9FA11DD59B8D}
	EndGlobalSection
EndGlobal
